
Microsoft Visual Studio Solution File, Format Version 12.00
# Visual Studio Version 17
VisualStudioVersion = 17.10.34707.107
MinimumVisualStudioVersion = 10.0.40219.1
Project("{FAE04EC0-301F-11D3-BF4B-00C04F79EFBC}") = "GrpcGreeter", "GrpcGreeter\GrpcGreeter.csproj", "{FAD812E2-A34E-4020-AFED-696EFC0372AE}"
EndProject
Global
	GlobalSection(SolutionConfigurationPlatforms) = preSolution
		Debug|Any CPU = Debug|Any CPU
		Release|Any CPU = Release|Any CPU
	EndGlobalSection
	GlobalSection(ProjectConfigurationPlatforms) = postSolution
		{FAD812E2-A34E-4020-AFED-696EFC0372AE}.Debug|Any CPU.ActiveCfg = Debug|Any CPU
		{FAD812E2-A34E-4020-AFED-696EFC0372AE}.Debug|Any CPU.Build.0 = Debug|Any CPU
		{FAD812E2-A34E-4020-AFED-696EFC0372AE}.Release|Any CPU.ActiveCfg = Release|Any CPU
		{FAD812E2-A34E-4020-AFED-696EFC0372AE}.Release|Any CPU.Build.0 = Release|Any CPU
	EndGlobalSection
	GlobalSection(SolutionProperties) = preSolution
		HideSolutionNode = FALSE
	EndGlobalSection
	GlobalSection(ExtensibilityGlobals) = postSolution
		SolutionGuid = {44A5193B-7F68-49D8-BCDB-F063BF371F37}
	EndGlobalSection
EndGlobal
